
Microsoft Visual Studio Solution File, Format Version 12.00
# Visual Studio 14
VisualStudioVersion = 14.0.25420.1
MinimumVisualStudioVersion = 10.0.40219.1
Project("{FAE04EC0-301F-11D3-BF4B-00C04F79EFBC}") = "SerialTool", "SerialTool.csproj", "{595E6DB8-6F43-41F2-B882-AA0D85A6307D}"
EndProject
Global
	GlobalSection(SolutionConfigurationPlatforms) = preSolution
		Debug|Any CPU = Debug|Any CPU
		Release|Any CPU = Release|Any CPU
	EndGlobalSection
	GlobalSection(ProjectConfigurationPlatforms) = postSolution
		{595E6DB8-6F43-41F2-B882-AA0D85A6307D}.Debug|Any CPU.ActiveCfg = Debug|Any CPU
		{595E6DB8-6F43-41F2-B882-AA0D85A6307D}.Debug|Any CPU.Build.0 = Debug|Any CPU
		{595E6DB8-6F43-41F2-B882-AA0D85A6307D}.Release|Any CPU.ActiveCfg = Release|Any CPU
		{595E6DB8-6F43-41F2-B882-AA0D85A6307D}.Release|Any CPU.Build.0 = Release|Any CPU
	EndGlobalSection
	GlobalSection(SolutionProperties) = preSolution
		HideSolutionNode = FALSE
	EndGlobalSection
EndGlobal
